{
  "name": "cloudflare-axi",
  "version": "0.1.1",
  "lockfileVersion": 3,
  "requires": true,
  "packages": {
    "": {
      "name": "cloudflare-axi",
      "version": "0.1.1",
      "license": "MIT",
      "dependencies": {
        "@toon-format/toon": "^4.1.1",
        "axi-sdk-js": "^0.1.11"
      },
      "bin": {
        "cloudflare-axi": "bin/cloudflare-axi.js"
      },
      "engines": {
        "node": ">=20"
      }
    },
    "node_modules/@toon-format/toon": {
      "version": "4.1.1",
      "resolved": "https://registry.npmjs.org/@toon-format/toon/-/toon-4.1.1.tgz",
      "integrity": "sha512-SGCkS7IjVpwRmGPgnY8ENKpAf0EdAnZDOQkvFW0d2cgOpdn9FEFl7sTgryESyypXrWr0YajHGpwsAUX4zw9ZvA==",
      "license": "MIT"
    },
    "node_modules/axi-sdk-js": {
      "version": "0.1.11",
      "resolved": "https://registry.npmjs.org/axi-sdk-js/-/axi-sdk-js-0.1.11.tgz",
      "integrity": "sha512-ksACrhe4GdsIK/TfPz8P0iA8NmiRFQ43zu3/HM7NGPv7s1+xKUsupufXntedR4YxM23S2zMPJyLvn/jS/wZyBg==",
      "license": "MIT",
      "dependencies": {
        "@toon-format/toon": "^2.1.0"
      },
      "engines": {
        "node": ">=20"
      }
    },
    "node_modules/axi-sdk-js/node_modules/@toon-format/toon": {
      "version": "2.3.1",
      "resolved": "https://registry.npmjs.org/@toon-format/toon/-/toon-2.3.1.tgz",
      "integrity": "sha512-sWqEMeAJGMda9qRrfPKrX3C4c33CO9SJuvJzzrcBEn5sbDB+k6pSLkDsfN0rVnLQwR97MV3sDgVbcxQNsq8xVw==",
      "license": "MIT"
    }
  }
}
